// !$*UTF8*$!
{
	archiveVersion = 1;
	classes = {
	};
	objectVersion = 70;
	objects = {

/* Begin PBXContainerItemProxy section */
		48FBA2E52E0E986D0044A5B6 /* PBXContainerItemProxy */ = {
			isa = PBXContainerItemProxy;
			containerPortal = 48FBA2C72E0E986C0044A5B6 /* Project object */;
			proxyType = 1;
			remoteGlobalIDString = 48FBA2CE2E0E986C0044A5B6;
			remoteInfo = "iOS-actions";
		};
		48FBA2EF2E0E986D0044A5B6 /* PBXContainerItemProxy */ = {
			isa = PBXContainerItemProxy;
			containerPortal = 48FBA2C72E0E986C0044A5B6 /* Project object */;
			proxyType = 1;
			remoteGlobalIDString = 48FBA2CE2E0E986C0044A5B6;
			remoteInfo = "iOS-actions";
		};
/* End PBXContainerItemProxy section */

/* Begin PBXFileReference section */
		48FBA2CF2E0E986C0044A5B6 /* iOS-actions.app */ = {isa = PBXFileReference; explicitFileType = wrapper.application; includeInIndex = 0; path = "iOS-actions.app"; sourceTree = BUILT_PRODUCTS_DIR; };
		48FBA2E42E0E986D0044A5B6 /* iOS-actionsTests.xctest */ = {isa = PBXFileReference; explicitFileType = wrapper.cfbundle; includeInIndex = 0; path = "iOS-actionsTests.xctest"; sourceTree = BUILT_PRODUCTS_DIR; };
		48FBA2EE2E0E986D0044A5B6 /* iOS-actionsUITests.xctest */ = {isa = PBXFileReference; explicitFileType = wrapper.cfbundle; includeInIndex = 0; path = "iOS-actionsUITests.xctest"; sourceTree = BUILT_PRODUCTS_DIR; };
/* End PBXFileReference section */

/* Begin PBXFileSystemSynchronizedBuildFileExceptionSet section */
		48FBA2F62E0E986D0044A5B6 /* PBXFileSystemSynchronizedBuildFileExceptionSet */ = {
			isa = PBXFileSystemSynchronizedBuildFileExceptionSet;
			membershipExceptions = (
				Info.plist,
			);
			target = 48FBA2CE2E0E986C0044A5B6 /* iOS-actions */;
		};
/* End PBXFileSystemSynchronizedBuildFileExceptionSet section */

/* Begin PBXFileSystemSynchronizedRootGroup section */
		48FBA2D12E0E986C0044A5B6 /* iOS-actions */ = {isa = PBXFileSystemSynchronizedRootGroup; exceptions = (48FBA2F62E0E986D0044A5B6 /* PBXFileSystemSynchronizedBuildFileExceptionSet */, ); explicitFileTypes = {}; explicitFolders = (); path = "iOS-actions"; sourceTree = "<group>"; };
		48FBA2E72E0E986D0044A5B6 /* iOS-actionsTests */ = {isa = PBXFileSystemSynchronizedRootGroup; explicitFileTypes = {}; explicitFolders = (); path = "iOS-actionsTests"; sourceTree = "<group>"; };
		48FBA2F12E0E986D0044A5B6 /* iOS-actionsUITests */ = {isa = PBXFileSystemSynchronizedRootGroup; explicitFileTypes = {}; explicitFolders = (); path = "iOS-actionsUITests"; sourceTree = "<group>"; };
/* End PBXFileSystemSynchronizedRootGroup section */

/* Begin PBXFrameworksBuildPhase section */
		48FBA2CC2E0E986C0044A5B6 /* Frameworks */ = {
			isa = PBXFrameworksBuildPhase;
			buildActionMask = 2147483647;
			files = (
			);
			runOnlyForDeploymentPostprocessing = 0;
		};
		48FBA2E12E0E986D0044A5B6 /* Frameworks */ = {
			isa = PBXFrameworksBuildPhase;
			buildActionMask = 2147483647;
			files = (
			);
			runOnlyForDeploymentPostprocessing = 0;
		};
		48FBA2EB2E0E986D0044A5B6 /* Frameworks */ = {
			isa = PBXFrameworksBuildPhase;
			buildActionMask = 2147483647;
			files = (
			);
			runOnlyForDeploymentPostprocessing = 0;
		};
/* End PBXFrameworksBuildPhase section */

/* Begin PBXGroup section */
		48FBA2C62E0E986C0044A5B6 = {
			isa = PBXGroup;
			children = (
				48FBA2D12E0E986C0044A5B6 /* iOS-actions */,
				48FBA2E72E0E986D0044A5B6 /* iOS-actionsTests */,
				48FBA2F12E0E986D0044A5B6 /* iOS-actionsUITests */,
				48FBA2D02E0E986C0044A5B6 /* Products */,
			);
			sourceTree = "<group>";
		};
		48FBA2D02E0E986C0044A5B6 /* Products */ = {
			isa = PBXGroup;
			children = (
				48FBA2CF2E0E986C0044A5B6 /* iOS-actions.app */,
				48FBA2E42E0E986D0044A5B6 /* iOS-actionsTests.xctest */,
				48FBA2EE2E0E986D0044A5B6 /* iOS-actionsUITests.xctest */,
			);
			name = Products;
			sourceTree = "<group>";
		};
/* End PBXGroup section */

/* Begin PBXNativeTarget section */
		48FBA2CE2E0E986C0044A5B6 /* iOS-actions */ = {
			isa = PBXNativeTarget;
			buildConfigurationList = 48FBA2F72E0E986D0044A5B6 /* Build configuration list for PBXNativeTarget "iOS-actions" */;
			buildPhases = (
				48FBA2CB2E0E986C0044A5B6 /* Sources */,
				48FBA2CC2E0E986C0044A5B6 /* Frameworks */,
				48FBA2CD2E0E986C0044A5B6 /* Resources */,
			);
			buildRules = (
			);
			dependencies = (
			);
			fileSystemSynchronizedGroups = (
				48FBA2D12E0E986C0044A5B6 /* iOS-actions */,
			);
			name = "iOS-actions";
			packageProductDependencies = (
			);
			productName = "iOS-actions";
			productReference = 48FBA2CF2E0E986C0044A5B6 /* iOS-actions.app */;
			productType = "com.apple.product-type.application";
		};
		48FBA2E32E0E986D0044A5B6 /* iOS-actionsTests */ = {
			isa = PBXNativeTarget;
			buildConfigurationList = 48FBA2FC2E0E986D0044A5B6 /* Build configuration list for PBXNativeTarget "iOS-actionsTests" */;
			buildPhases = (
				48FBA2E02E0E986D0044A5B6 /* Sources */,
				48FBA2E12E0E986D0044A5B6 /* Frameworks */,
				48FBA2E22E0E986D0044A5B6 /* Resources */,
			);
			buildRules = (
			);
			dependencies = (
				48FBA2E62E0E986D0044A5B6 /* PBXTargetDependency */,
			);
			fileSystemSynchronizedGroups = (
				48FBA2E72E0E986D0044A5B6 /* iOS-actionsTests */,
			);
			name = "iOS-actionsTests";
			packageProductDependencies = (
			);
			productName = "iOS-actionsTests";
			productReference = 48FBA2E42E0E986D0044A5B6 /* iOS-actionsTests.xctest */;
			productType = "com.apple.product-type.bundle.unit-test";
		};
		48FBA2ED2E0E986D0044A5B6 /* iOS-actionsUITests */ = {
			isa = PBXNativeTarget;
			buildConfigurationList = 48FBA2FF2E0E986D0044A5B6 /* Build configuration list for PBXNativeTarget "iOS-actionsUITests" */;
			buildPhases = (
				48FBA2EA2E0E986D0044A5B6 /* Sources */,
				48FBA2EB2E0E986D0044A5B6 /* Frameworks */,
				48FBA2EC2E0E986D0044A5B6 /* Resources */,
			);
			buildRules = (
			);
			dependencies = (
				48FBA2F02E0E986D0044A5B6 /* PBXTargetDependency */,
			);
			fileSystemSynchronizedGroups = (
				48FBA2F12E0E986D0044A5B6 /* iOS-actionsUITests */,
			);
			name = "iOS-actionsUITests";
			packageProductDependencies = (
			);
			productName = "iOS-actionsUITests";
			productReference = 48FBA2EE2E0E986D0044A5B6 /* iOS-actionsUITests.xctest */;
			productType = "com.apple.product-type.bundle.ui-testing";
		};
/* End PBXNativeTarget section */

/* Begin PBXProject section */
		48FBA2C72E0E986C0044A5B6 /* Project object */ = {
			isa = PBXProject;
			attributes = {
				BuildIndependentTargetsInParallel = 1;
				LastSwiftUpdateCheck = 1600;
				LastUpgradeCheck = 1600;
				TargetAttributes = {
					48FBA2CE2E0E986C0044A5B6 = {
						CreatedOnToolsVersion = 16.0;
					};
					48FBA2E32E0E986D0044A5B6 = {
						CreatedOnToolsVersion = 16.0;
						TestTargetID = 48FBA2CE2E0E986C0044A5B6;
					};
					48FBA2ED2E0E986D0044A5B6 = {
						CreatedOnToolsVersion = 16.0;
						TestTargetID = 48FBA2CE2E0E986C0044A5B6;
					};
				};
			};
			buildConfigurationList = 48FBA2CA2E0E986C0044A5B6 /* Build configuration list for PBXProject "iOS-actions" */;
			compatibilityVersion = "Xcode 13.0";
			developmentRegion = en;
			hasScannedForEncodings = 0;
			knownRegions = (
				en,
				Base,
			);
			mainGroup = 48FBA2C62E0E986C0044A5B6;
			minimizedProjectReferenceProxies = 1;
			productRefGroup = 48FBA2D02E0E986C0044A5B6 /* Products */;
			projectDirPath = "";
			projectRoot = "";
			targets = (
				48FBA2CE2E0E986C0044A5B6 /* iOS-actions */,
				48FBA2E32E0E986D0044A5B6 /* iOS-actionsTests */,
				48FBA2ED2E0E986D0044A5B6 /* iOS-actionsUITests */,
			);
		};
/* End PBXProject section */

/* Begin PBXResourcesBuildPhase section */
		48FBA2CD2E0E986C0044A5B6 /* Resources */ = {
			isa = PBXResourcesBuildPhase;
			buildActionMask = 2147483647;
			files = (
			);
			runOnlyForDeploymentPostprocessing = 0;
		};
		48FBA2E22E0E986D0044A5B6 /* Resources */ = {
			isa = PBXResourcesBuildPhase;
			buildActionMask = 2147483647;
			files = (
			);
			runOnlyForDeploymentPostprocessing = 0;
		};
		48FBA2EC2E0E986D0044A5B6 /* Resources */ = {
			isa = PBXResourcesBuildPhase;
			buildActionMask = 2147483647;
			files = (
			);
			runOnlyForDeploymentPostprocessing = 0;
		};
/* End PBXResourcesBuildPhase section */

/* Begin PBXSourcesBuildPhase section */
		48FBA2CB2E0E986C0044A5B6 /* Sources */ = {
			isa = PBXSourcesBuildPhase;
			buildActionMask = 2147483647;
			files = (
			);
			runOnlyForDeploymentPostprocessing = 0;
		};
		48FBA2E02E0E986D0044A5B6 /* Sources */ = {
			isa = PBXSourcesBuildPhase;
			buildActionMask = 2147483647;
			files = (
			);
			runOnlyForDeploymentPostprocessing = 0;
		};
		48FBA2EA2E0E986D0044A5B6 /* Sources */ = {
			isa = PBXSourcesBuildPhase;
			buildActionMask = 2147483647;
			files = (
			);
			runOnlyForDeploymentPostprocessing = 0;
		};
/* End PBXSourcesBuildPhase section */

/* Begin PBXTargetDependency section */
		48FBA2E62E0E986D0044A5B6 /* PBXTargetDependency */ = {
			isa = PBXTargetDependency;
			target = 48FBA2CE2E0E986C0044A5B6 /* iOS-actions */;
			targetProxy = 48FBA2E52E0E986D0044A5B6 /* PBXContainerItemProxy */;
		};
		48FBA2F02E0E986D0044A5B6 /* PBXTargetDependency */ = {
			isa = PBXTargetDependency;
			target = 48FBA2CE2E0E986C0044A5B6 /* iOS-actions */;
			targetProxy = 48FBA2EF2E0E986D0044A5B6 /* PBXContainerItemProxy */;
		};
/* End PBXTargetDependency section */

/* Begin XCBuildConfiguration section */
		48FBA2F82E0E986D0044A5B6 /* Debug */ = {
			isa = XCBuildConfiguration;
			buildSettings = {
				ASSETCATALOG_COMPILER_APPICON_NAME = AppIcon;
				ASSETCATALOG_COMPILER_GLOBAL_ACCENT_COLOR_NAME = AccentColor;
				CODE_SIGN_STYLE = Automatic;
				CURRENT_PROJECT_VERSION = 1;
				GENERATE_INFOPLIST_FILE = YES;
				INFOPLIST_FILE = "iOS-actions/Info.plist";
				INFOPLIST_KEY_UIApplicationSupportsIndirectInputEvents = YES;
				INFOPLIST_KEY_UILaunchStoryboardName = LaunchScreen;
				INFOPLIST_KEY_UISupportedInterfaceOrientations_iPad = "UIInterfaceOrientationPortrait UIInterfaceOrientationPortraitUpsideDown UIInterfaceOrientationLandscapeLeft UIInterfaceOrientationLandscapeRight";
				INFOPLIST_KEY_UISupportedInterfaceOrientations_iPhone = "UIInterfaceOrientationPortrait UIInterfaceOrientationLandscapeLeft UIInterfaceOrientationLandscapeRight";
				INFOPLIST_KEY_UISupportsDocumentBrowser = YES;
				LD_RUNPATH_SEARCH_PATHS = (
					"$(inherited)",
					"@executable_path/Frameworks",
				);
				MARKETING_VERSION = 1.0;
				PRODUCT_BUNDLE_IDENTIFIER = "com.rp.iOS-actions";
				PRODUCT_NAME = "$(TARGET_NAME)";
				SWIFT_EMIT_LOC_STRINGS = YES;
				SWIFT_VERSION = 5.0;
				TARGETED_DEVICE_FAMILY = "1,2";
			};
			name = Debug;
		};
		48FBA2F92E0E986D0044A5B6 /* Release */ = {
			isa = XCBuildConfiguration;
			buildSettings = {
				ASSETCATALOG_COMPILER_APPICON_NAME = AppIcon;
				ASSETCATALOG_COMPILER_GLOBAL_ACCENT_COLOR_NAME = AccentColor;
				CODE_SIGN_STYLE = Automatic;
				CURRENT_PROJECT_VERSION = 1;
				GENERATE_INFOPLIST_FILE = YES;
				INFOPLIST_FILE = "iOS-actions/Info.plist";
				INFOPLIST_KEY_UIApplicationSupportsIndirectInputEvents = YES;
				INFOPLIST_KEY_UILaunchStoryboardName = LaunchScreen;
				INFOPLIST_KEY_UISupportedInterfaceOrientations_iPad = "UIInterfaceOrientationPortrait UIInterfaceOrientationPortraitUpsideDown UIInterfaceOrientationLandscapeLeft UIInterfaceOrientationLandscapeRight";
				INFOPLIST_KEY_UISupportedInterfaceOrientations_iPhone = "UIInterfaceOrientationPortrait UIInterfaceOrientationLandscapeLeft UIInterfaceOrientationLandscapeRight";
				INFOPLIST_KEY_UISupportsDocumentBrowser = YES;
				LD_RUNPATH_SEARCH_PATHS = (
					"$(inherited)",
					"@executable_path/Frameworks",
				);
				MARKETING_VERSION = 1.0;
				PRODUCT_BUNDLE_IDENTIFIER = "com.rp.iOS-actions";
				PRODUCT_NAME = "$(TARGET_NAME)";
				SWIFT_EMIT_LOC_STRINGS = YES;
				SWIFT_VERSION = 5.0;
				TARGETED_DEVICE_FAMILY = "1,2";
			};
			name = Release;
		};
		48FBA2FA2E0E986D0044A5B6 /* Debug */ = {
			isa = XCBuildConfiguration;
			buildSettings = {
				ALWAYS_SEARCH_USER_PATHS = NO;
				ASSETCATALOG_COMPILER_GENERATE_SWIFT_ASSET_SYMBOL_EXTENSIONS = YES;
				CLANG_ANALYZER_NONNULL = YES;
				CLANG_ANALYZER_NUMBER_OBJECT_CONVERSION = YES_AGGRESSIVE;
				CLANG_CXX_LANGUAGE_STANDARD = "gnu++20";
				CLANG_ENABLE_MODULES = YES;
				CLANG_ENABLE_OBJC_ARC = YES;
				CLANG_ENABLE_OBJC_WEAK = YES;
				CLANG_WARN_BLOCK_CAPTURE_AUTORELEASING = YES;
				CLANG_WARN_BOOL_CONVERSION = YES;
				CLANG_WARN_COMMA = YES;
				CLANG_WARN_CONSTANT_CONVERSION = YES;
				CLANG_WARN_DEPRECATED_OBJC_IMPLEMENTATIONS = YES;
				CLANG_WARN_DIRECT_OBJC_ISA_USAGE = YES_ERROR;
				CLANG_WARN_DOCUMENTATION_COMMENTS = YES;
				CLANG_WARN_EMPTY_BODY = YES;
				CLANG_WARN_ENUM_CONVERSION = YES;
				CLANG_WARN_INFINITE_RECURSION = YES;
				CLANG_WARN_INT_CONVERSION = YES;
				CLANG_WARN_NON_LITERAL_NULL_CONVERSION = YES;
				CLANG_WARN_OBJC_IMPLICIT_RETAIN_SELF = YES;
				CLANG_WARN_OBJC_LITERAL_CONVERSION = YES;
				CLANG_WARN_OBJC_ROOT_CLASS = YES_ERROR;
				CLANG_WARN_QUOTED_INCLUDE_IN_FRAMEWORK_HEADER = YES;
				CLANG_WARN_RANGE_LOOP_ANALYSIS = YES;
				CLANG_WARN_STRICT_PROTOTYPES = YES;
				CLANG_WARN_SUSPICIOUS_MOVE = YES;
				CLANG_WARN_UNGUARDED_AVAILABILITY = YES_AGGRESSIVE;
				CLANG_WARN_UNREACHABLE_CODE = YES;
				CLANG_WARN__DUPLICATE_METHOD_MATCH = YES;
				COPY_PHASE_STRIP = NO;
				DEBUG_INFORMATION_FORMAT = dwarf;
				ENABLE_STRICT_OBJC_MSGSEND = YES;
				ENABLE_TESTABILITY = YES;
				ENABLE_USER_SCRIPT_SANDBOXING = YES;
				GCC_C_LANGUAGE_STANDARD = gnu17;
				GCC_DYNAMIC_NO_PIC = NO;
				GCC_NO_COMMON_BLOCKS = YES;
				GCC_OPTIMIZATION_LEVEL = 0;
				GCC_PREPROCESSOR_DEFINITIONS = (
					"DEBUG=1",
					"$(inherited)",
				);
				GCC_WARN_64_TO_32_BIT_CONVERSION = YES;
				GCC_WARN_ABOUT_RETURN_TYPE = YES_ERROR;
				GCC_WARN_UNDECLARED_SELECTOR = YES;
				GCC_WARN_UNINITIALIZED_AUTOS = YES_AGGRESSIVE;
				GCC_WARN_UNUSED_FUNCTION = YES;
				GCC_WARN_UNUSED_VARIABLE = YES;
				IPHONEOS_DEPLOYMENT_TARGET = 18.0;
				LOCALIZATION_PREFERS_STRING_CATALOGS = YES;
				MTL_ENABLE_DEBUG_INFO = INCLUDE_SOURCE;
				MTL_FAST_MATH = YES;
				ONLY_ACTIVE_ARCH = YES;
				SDKROOT = iphoneos;
				SWIFT_ACTIVE_COMPILATION_CONDITIONS = "DEBUG $(inherited)";
				SWIFT_OPTIMIZATION_LEVEL = "-Onone";
			};
			name = Debug;
		};
		48FBA2FB2E0E986D0044A5B6 /* Release */ = {
			isa = XCBuildConfiguration;
			buildSettings = {
				ALWAYS_SEARCH_USER_PATHS = NO;
				ASSETCATALOG_COMPILER_GENERATE_SWIFT_ASSET_SYMBOL_EXTENSIONS = YES;
				CLANG_ANALYZER_NONNULL = YES;
				CLANG_ANALYZER_NUMBER_OBJECT_CONVERSION = YES_AGGRESSIVE;
				CLANG_CXX_LANGUAGE_STANDARD = "gnu++20";
				CLANG_ENABLE_MODULES = YES;
				CLANG_ENABLE_OBJC_ARC = YES;
				CLANG_ENABLE_OBJC_WEAK = YES;
				CLANG_WARN_BLOCK_CAPTURE_AUTORELEASING = YES;
				CLANG_WARN_BOOL_CONVERSION = YES;
				CLANG_WARN_COMMA = YES;
				CLANG_WARN_CONSTANT_CONVERSION = YES;
				CLANG_WARN_DEPRECATED_OBJC_IMPLEMENTATIONS = YES;
				CLANG_WARN_DIRECT_OBJC_ISA_USAGE = YES_ERROR;
				CLANG_WARN_DOCUMENTATION_COMMENTS = YES;
				CLANG_WARN_EMPTY_BODY = YES;
				CLANG_WARN_ENUM_CONVERSION = YES;
				CLANG_WARN_INFINITE_RECURSION = YES;
				CLANG_WARN_INT_CONVERSION = YES;
				CLANG_WARN_NON_LITERAL_NULL_CONVERSION = YES;
				CLANG_WARN_OBJC_IMPLICIT_RETAIN_SELF = YES;
				CLANG_WARN_OBJC_LITERAL_CONVERSION = YES;
				CLANG_WARN_OBJC_ROOT_CLASS = YES_ERROR;
				CLANG_WARN_QUOTED_INCLUDE_IN_FRAMEWORK_HEADER = YES;
				CLANG_WARN_RANGE_LOOP_ANALYSIS = YES;
				CLANG_WARN_STRICT_PROTOTYPES = YES;
				CLANG_WARN_SUSPICIOUS_MOVE = YES;
				CLANG_WARN_UNGUARDED_AVAILABILITY = YES_AGGRESSIVE;
				CLANG_WARN_UNREACHABLE_CODE = YES;
				CLANG_WARN__DUPLICATE_METHOD_MATCH = YES;
				COPY_PHASE_STRIP = NO;
				DEBUG_INFORMATION_FORMAT = "dwarf-with-dsym";
				ENABLE_NS_ASSERTIONS = NO;
				ENABLE_STRICT_OBJC_MSGSEND = YES;
				ENABLE_USER_SCRIPT_SANDBOXING = YES;
				GCC_C_LANGUAGE_STANDARD = gnu17;
				GCC_NO_COMMON_BLOCKS = YES;
				GCC_WARN_64_TO_32_BIT_CONVERSION = YES;
				GCC_WARN_ABOUT_RETURN_TYPE = YES_ERROR;
				GCC_WARN_UNDECLARED_SELECTOR = YES;
				GCC_WARN_UNINITIALIZED_AUTOS = YES_AGGRESSIVE;
				GCC_WARN_UNUSED_FUNCTION = YES;
				GCC_WARN_UNUSED_VARIABLE = YES;
				IPHONEOS_DEPLOYMENT_TARGET = 18.0;
				LOCALIZATION_PREFERS_STRING_CATALOGS = YES;
				MTL_ENABLE_DEBUG_INFO = NO;
				MTL_FAST_MATH = YES;
				SDKROOT = iphoneos;
				SWIFT_COMPILATION_MODE = wholemodule;
				VALIDATE_PRODUCT = YES;
			};
			name = Release;
		};
		48FBA2FD2E0E986D0044A5B6 /* Debug */ = {
			isa = XCBuildConfiguration;
			buildSettings = {
				BUNDLE_LOADER = "$(TEST_HOST)";
				CODE_SIGN_STYLE = Automatic;
				CURRENT_PROJECT_VERSION = 1;
				GENERATE_INFOPLIST_FILE = YES;
				IPHONEOS_DEPLOYMENT_TARGET = 18.0;
				MARKETING_VERSION = 1.0;
				PRODUCT_BUNDLE_IDENTIFIER = "com.rp.iOS-actionsTests";
				PRODUCT_NAME = "$(TARGET_NAME)";
				SWIFT_EMIT_LOC_STRINGS = NO;
				SWIFT_VERSION = 5.0;
				TARGETED_DEVICE_FAMILY = "1,2";
				TEST_HOST = "$(BUILT_PRODUCTS_DIR)/iOS-actions.app/$(BUNDLE_EXECUTABLE_FOLDER_PATH)/iOS-actions";
			};
			name = Debug;
		};
		48FBA2FE2E0E986D0044A5B6 /* Release */ = {
			isa = XCBuildConfiguration;
			buildSettings = {
				BUNDLE_LOADER = "$(TEST_HOST)";
				CODE_SIGN_STYLE = Automatic;
				CURRENT_PROJECT_VERSION = 1;
				GENERATE_INFOPLIST_FILE = YES;
				IPHONEOS_DEPLOYMENT_TARGET = 18.0;
				MARKETING_VERSION = 1.0;
				PRODUCT_BUNDLE_IDENTIFIER = "com.rp.iOS-actionsTests";
				PRODUCT_NAME = "$(TARGET_NAME)";
				SWIFT_EMIT_LOC_STRINGS = NO;
				SWIFT_VERSION = 5.0;
				TARGETED_DEVICE_FAMILY = "1,2";
				TEST_HOST = "$(BUILT_PRODUCTS_DIR)/iOS-actions.app/$(BUNDLE_EXECUTABLE_FOLDER_PATH)/iOS-actions";
			};
			name = Release;
		};
		48FBA3002E0E986D0044A5B6 /* Debug */ = {
			isa = XCBuildConfiguration;
			buildSettings = {
				CODE_SIGN_STYLE = Automatic;
				CURRENT_PROJECT_VERSION = 1;
				GENERATE_INFOPLIST_FILE = YES;
				MARKETING_VERSION = 1.0;
				PRODUCT_BUNDLE_IDENTIFIER = "com.rp.iOS-actionsUITests";
				PRODUCT_NAME = "$(TARGET_NAME)";
				SWIFT_EMIT_LOC_STRINGS = NO;
				SWIFT_VERSION = 5.0;
				TARGETED_DEVICE_FAMILY = "1,2";
				TEST_TARGET_NAME = "iOS-actions";
			};
			name = Debug;
		};
		48FBA3012E0E986D0044A5B6 /* Release */ = {
			isa = XCBuildConfiguration;
			buildSettings = {
				CODE_SIGN_STYLE = Automatic;
				CURRENT_PROJECT_VERSION = 1;
				GENERATE_INFOPLIST_FILE = YES;
				MARKETING_VERSION = 1.0;
				PRODUCT_BUNDLE_IDENTIFIER = "com.rp.iOS-actionsUITests";
				PRODUCT_NAME = "$(TARGET_NAME)";
				SWIFT_EMIT_LOC_STRINGS = NO;
				SWIFT_VERSION = 5.0;
				TARGETED_DEVICE_FAMILY = "1,2";
				TEST_TARGET_NAME = "iOS-actions";
			};
			name = Release;
		};
/* End XCBuildConfiguration section */

/* Begin XCConfigurationList section */
		48FBA2CA2E0E986C0044A5B6 /* Build configuration list for PBXProject "iOS-actions" */ = {
			isa = XCConfigurationList;
			buildConfigurations = (
				48FBA2FA2E0E986D0044A5B6 /* Debug */,
				48FBA2FB2E0E986D0044A5B6 /* Release */,
			);
			defaultConfigurationIsVisible = 0;
			defaultConfigurationName = Release;
		};
		48FBA2F72E0E986D0044A5B6 /* Build configuration list for PBXNativeTarget "iOS-actions" */ = {
			isa = XCConfigurationList;
			buildConfigurations = (
				48FBA2F82E0E986D0044A5B6 /* Debug */,
				48FBA2F92E0E986D0044A5B6 /* Release */,
			);
			defaultConfigurationIsVisible = 0;
			defaultConfigurationName = Release;
		};
		48FBA2FC2E0E986D0044A5B6 /* Build configuration list for PBXNativeTarget "iOS-actionsTests" */ = {
			isa = XCConfigurationList;
			buildConfigurations = (
				48FBA2FD2E0E986D0044A5B6 /* Debug */,
				48FBA2FE2E0E986D0044A5B6 /* Release */,
			);
			defaultConfigurationIsVisible = 0;
			defaultConfigurationName = Release;
		};
		48FBA2FF2E0E986D0044A5B6 /* Build configuration list for PBXNativeTarget "iOS-actionsUITests" */ = {
			isa = XCConfigurationList;
			buildConfigurations = (
				48FBA3002E0E986D0044A5B6 /* Debug */,
				48FBA3012E0E986D0044A5B6 /* Release */,
			);
			defaultConfigurationIsVisible = 0;
			defaultConfigurationName = Release;
		};
/* End XCConfigurationList section */
	};
	rootObject = 48FBA2C72E0E986C0044A5B6 /* Project object */;
}
